
Microsoft Visual Studio Solution File, Format Version 12.00
# Visual Studio 2013
VisualStudioVersion = 12.0.31101.0
MinimumVisualStudioVersion = 10.0.40219.1
Project("{FAE04EC0-301F-11D3-BF4B-00C04F79EFBC}") = "MOSSFeatureCreator", "MOSSFeatureCreator\MOSSFeatureCreator.csproj", "{8C9CCBB7-A772-4030-A720-0649214FDA22}"
EndProject
Project("{FAE04EC0-301F-11D3-BF4B-00C04F79EFBC}") = "Library", "Library\Library.csproj", "{6ADD7BDE-0D4B-4BE9-96A4-85B0A3A9F65C}"
EndProject
Global
	GlobalSection(SolutionConfigurationPlatforms) = preSolution
		Debug|Any CPU = Debug|Any CPU
		Release|Any CPU = Release|Any CPU
	EndGlobalSection
	GlobalSection(ProjectConfigurationPlatforms) = postSolution
		{8C9CCBB7-A772-4030-A720-0649214FDA22}.Debug|Any CPU.ActiveCfg = Debug|Any CPU
		{8C9CCBB7-A772-4030-A720-0649214FDA22}.Debug|Any CPU.Build.0 = Debug|Any CPU
		{8C9CCBB7-A772-4030-A720-0649214FDA22}.Release|Any CPU.ActiveCfg = Release|Any CPU
		{8C9CCBB7-A772-4030-A720-0649214FDA22}.Release|Any CPU.Build.0 = Release|Any CPU
		{6ADD7BDE-0D4B-4BE9-96A4-85B0A3A9F65C}.Debug|Any CPU.ActiveCfg = Debug|Any CPU
		{6ADD7BDE-0D4B-4BE9-96A4-85B0A3A9F65C}.Debug|Any CPU.Build.0 = Debug|Any CPU
		{6ADD7BDE-0D4B-4BE9-96A4-85B0A3A9F65C}.Release|Any CPU.ActiveCfg = Release|Any CPU
		{6ADD7BDE-0D4B-4BE9-96A4-85B0A3A9F65C}.Release|Any CPU.Build.0 = Release|Any CPU
	EndGlobalSection
	GlobalSection(SolutionProperties) = preSolution
		HideSolutionNode = FALSE
	EndGlobalSection
EndGlobal
